
Microsoft Visual Studio Solution File, Format Version 11.00
# Visual Studio 2010
Project("{FAE04EC0-301F-11D3-BF4B-00C04F79EFBC}") = "Interface", "Interface\Interface.csproj", "{E4D2DED6-9723-4CBE-A0B8-64847D2D572C}"
EndProject
Project("{FAE04EC0-301F-11D3-BF4B-00C04F79EFBC}") = "FrameWork", "..\FrameWork\FrameWork.csproj", "{4B8A7F62-F661-4BA1-B7AE-B38141EE07CE}"
EndProject
Global
	GlobalSection(SolutionConfigurationPlatforms) = preSolution
		Debug|Any CPU = Debug|Any CPU
		Debug|Mixed Platforms = Debug|Mixed Platforms
		Debug|x86 = Debug|x86
		Release|Any CPU = Release|Any CPU
		Release|Mixed Platforms = Release|Mixed Platforms
		Release|x86 = Release|x86
	EndGlobalSection
	GlobalSection(ProjectConfigurationPlatforms) = postSolution
		{E4D2DED6-9723-4CBE-A0B8-64847D2D572C}.Debug|Any CPU.ActiveCfg = Debug|x86
		{E4D2DED6-9723-4CBE-A0B8-64847D2D572C}.Debug|Mixed Platforms.ActiveCfg = Debug|x86
		{E4D2DED6-9723-4CBE-A0B8-64847D2D572C}.Debug|Mixed Platforms.Build.0 = Debug|x86
		{E4D2DED6-9723-4CBE-A0B8-64847D2D572C}.Debug|x86.ActiveCfg = Debug|x86
		{E4D2DED6-9723-4CBE-A0B8-64847D2D572C}.Debug|x86.Build.0 = Debug|x86
		{E4D2DED6-9723-4CBE-A0B8-64847D2D572C}.Release|Any CPU.ActiveCfg = Release|x86
		{E4D2DED6-9723-4CBE-A0B8-64847D2D572C}.Release|Mixed Platforms.ActiveCfg = Release|x86
		{E4D2DED6-9723-4CBE-A0B8-64847D2D572C}.Release|Mixed Platforms.Build.0 = Release|x86
		{E4D2DED6-9723-4CBE-A0B8-64847D2D572C}.Release|x86.ActiveCfg = Release|x86
		{E4D2DED6-9723-4CBE-A0B8-64847D2D572C}.Release|x86.Build.0 = Release|x86
		{4B8A7F62-F661-4BA1-B7AE-B38141EE07CE}.Debug|Any CPU.ActiveCfg = Debug|Any CPU
		{4B8A7F62-F661-4BA1-B7AE-B38141EE07CE}.Debug|Any CPU.Build.0 = Debug|Any CPU
		{4B8A7F62-F661-4BA1-B7AE-B38141EE07CE}.Debug|Mixed Platforms.ActiveCfg = Debug|Any CPU
		{4B8A7F62-F661-4BA1-B7AE-B38141EE07CE}.Debug|Mixed Platforms.Build.0 = Debug|Any CPU
		{4B8A7F62-F661-4BA1-B7AE-B38141EE07CE}.Debug|x86.ActiveCfg = Debug|Any CPU
		{4B8A7F62-F661-4BA1-B7AE-B38141EE07CE}.Release|Any CPU.ActiveCfg = Release|Any CPU
		{4B8A7F62-F661-4BA1-B7AE-B38141EE07CE}.Release|Any CPU.Build.0 = Release|Any CPU
		{4B8A7F62-F661-4BA1-B7AE-B38141EE07CE}.Release|Mixed Platforms.ActiveCfg = Release|Any CPU
		{4B8A7F62-F661-4BA1-B7AE-B38141EE07CE}.Release|Mixed Platforms.Build.0 = Release|Any CPU
		{4B8A7F62-F661-4BA1-B7AE-B38141EE07CE}.Release|x86.ActiveCfg = Release|Any CPU
	EndGlobalSection
	GlobalSection(SolutionProperties) = preSolution
		HideSolutionNode = FALSE
	EndGlobalSection
EndGlobal
